
Microsoft Visual Studio Solution File, Format Version 12.00
# Visual Studio 2012
Project("{262852C6-CD72-467D-83FE-5EEB1973A190}") = "CountDown", "CountDown\CountDown.jsproj", "{02AB25F9-1A2F-4B65-85A9-A3809C0787A9}"
EndProject
Project("{FAE04EC0-301F-11D3-BF4B-00C04F79EFBC}") = "Pluralize", "Pluralize\Pluralize.csproj", "{4583865E-12CF-470E-8487-6A617F3ED103}"
EndProject
Project("{FAE04EC0-301F-11D3-BF4B-00C04F79EFBC}") = "Pluralize.Test", "Pluralize.Test\Pluralize.Test.csproj", "{8F01DC8B-B3AD-4933-AA2C-F7C4A8B46C2B}"
EndProject
Global
	GlobalSection(SolutionConfigurationPlatforms) = preSolution
		Debug|Any CPU = Debug|Any CPU
		Debug|ARM = Debug|ARM
		Debug|x64 = Debug|x64
		Debug|x86 = Debug|x86
		Release|Any CPU = Release|Any CPU
		Release|ARM = Release|ARM
		Release|x64 = Release|x64
		Release|x86 = Release|x86
	EndGlobalSection
	GlobalSection(ProjectConfigurationPlatforms) = postSolution
		{02AB25F9-1A2F-4B65-85A9-A3809C0787A9}.Debug|Any CPU.ActiveCfg = Debug|Any CPU
		{02AB25F9-1A2F-4B65-85A9-A3809C0787A9}.Debug|Any CPU.Build.0 = Debug|Any CPU
		{02AB25F9-1A2F-4B65-85A9-A3809C0787A9}.Debug|Any CPU.Deploy.0 = Debug|Any CPU
		{02AB25F9-1A2F-4B65-85A9-A3809C0787A9}.Debug|ARM.ActiveCfg = Debug|ARM
		{02AB25F9-1A2F-4B65-85A9-A3809C0787A9}.Debug|ARM.Build.0 = Debug|ARM
		{02AB25F9-1A2F-4B65-85A9-A3809C0787A9}.Debug|ARM.Deploy.0 = Debug|ARM
		{02AB25F9-1A2F-4B65-85A9-A3809C0787A9}.Debug|x64.ActiveCfg = Debug|x64
		{02AB25F9-1A2F-4B65-85A9-A3809C0787A9}.Debug|x64.Build.0 = Debug|x64
		{02AB25F9-1A2F-4B65-85A9-A3809C0787A9}.Debug|x64.Deploy.0 = Debug|x64
		{02AB25F9-1A2F-4B65-85A9-A3809C0787A9}.Debug|x86.ActiveCfg = Debug|x86
		{02AB25F9-1A2F-4B65-85A9-A3809C0787A9}.Debug|x86.Build.0 = Debug|x86
		{02AB25F9-1A2F-4B65-85A9-A3809C0787A9}.Debug|x86.Deploy.0 = Debug|x86
		{02AB25F9-1A2F-4B65-85A9-A3809C0787A9}.Release|Any CPU.ActiveCfg = Release|Any CPU
		{02AB25F9-1A2F-4B65-85A9-A3809C0787A9}.Release|Any CPU.Build.0 = Release|Any CPU
		{02AB25F9-1A2F-4B65-85A9-A3809C0787A9}.Release|Any CPU.Deploy.0 = Release|Any CPU
		{02AB25F9-1A2F-4B65-85A9-A3809C0787A9}.Release|ARM.ActiveCfg = Release|ARM
		{02AB25F9-1A2F-4B65-85A9-A3809C0787A9}.Release|ARM.Build.0 = Release|ARM
		{02AB25F9-1A2F-4B65-85A9-A3809C0787A9}.Release|ARM.Deploy.0 = Release|ARM
		{02AB25F9-1A2F-4B65-85A9-A3809C0787A9}.Release|x64.ActiveCfg = Release|x64
		{02AB25F9-1A2F-4B65-85A9-A3809C0787A9}.Release|x64.Build.0 = Release|x64
		{02AB25F9-1A2F-4B65-85A9-A3809C0787A9}.Release|x64.Deploy.0 = Release|x64
		{02AB25F9-1A2F-4B65-85A9-A3809C0787A9}.Release|x86.ActiveCfg = Release|x86
		{02AB25F9-1A2F-4B65-85A9-A3809C0787A9}.Release|x86.Build.0 = Release|x86
		{02AB25F9-1A2F-4B65-85A9-A3809C0787A9}.Release|x86.Deploy.0 = Release|x86
		{4583865E-12CF-470E-8487-6A617F3ED103}.Debug|Any CPU.ActiveCfg = Debug|Any CPU
		{4583865E-12CF-470E-8487-6A617F3ED103}.Debug|Any CPU.Build.0 = Debug|Any CPU
		{4583865E-12CF-470E-8487-6A617F3ED103}.Debug|ARM.ActiveCfg = Debug|ARM
		{4583865E-12CF-470E-8487-6A617F3ED103}.Debug|ARM.Build.0 = Debug|ARM
		{4583865E-12CF-470E-8487-6A617F3ED103}.Debug|x64.ActiveCfg = Debug|x64
		{4583865E-12CF-470E-8487-6A617F3ED103}.Debug|x64.Build.0 = Debug|x64
		{4583865E-12CF-470E-8487-6A617F3ED103}.Debug|x86.ActiveCfg = Debug|x86
		{4583865E-12CF-470E-8487-6A617F3ED103}.Debug|x86.Build.0 = Debug|x86
		{4583865E-12CF-470E-8487-6A617F3ED103}.Release|Any CPU.ActiveCfg = Release|Any CPU
		{4583865E-12CF-470E-8487-6A617F3ED103}.Release|Any CPU.Build.0 = Release|Any CPU
		{4583865E-12CF-470E-8487-6A617F3ED103}.Release|ARM.ActiveCfg = Release|ARM
		{4583865E-12CF-470E-8487-6A617F3ED103}.Release|ARM.Build.0 = Release|ARM
		{4583865E-12CF-470E-8487-6A617F3ED103}.Release|x64.ActiveCfg = Release|x64
		{4583865E-12CF-470E-8487-6A617F3ED103}.Release|x64.Build.0 = Release|x64
		{4583865E-12CF-470E-8487-6A617F3ED103}.Release|x86.ActiveCfg = Release|x86
		{4583865E-12CF-470E-8487-6A617F3ED103}.Release|x86.Build.0 = Release|x86
		{8F01DC8B-B3AD-4933-AA2C-F7C4A8B46C2B}.Debug|Any CPU.ActiveCfg = Debug|Any CPU
		{8F01DC8B-B3AD-4933-AA2C-F7C4A8B46C2B}.Debug|Any CPU.Build.0 = Debug|Any CPU
		{8F01DC8B-B3AD-4933-AA2C-F7C4A8B46C2B}.Debug|Any CPU.Deploy.0 = Debug|Any CPU
		{8F01DC8B-B3AD-4933-AA2C-F7C4A8B46C2B}.Debug|ARM.ActiveCfg = Debug|ARM
		{8F01DC8B-B3AD-4933-AA2C-F7C4A8B46C2B}.Debug|ARM.Build.0 = Debug|ARM
		{8F01DC8B-B3AD-4933-AA2C-F7C4A8B46C2B}.Debug|ARM.Deploy.0 = Debug|ARM
		{8F01DC8B-B3AD-4933-AA2C-F7C4A8B46C2B}.Debug|x64.ActiveCfg = Debug|x64
		{8F01DC8B-B3AD-4933-AA2C-F7C4A8B46C2B}.Debug|x64.Build.0 = Debug|x64
		{8F01DC8B-B3AD-4933-AA2C-F7C4A8B46C2B}.Debug|x64.Deploy.0 = Debug|x64
		{8F01DC8B-B3AD-4933-AA2C-F7C4A8B46C2B}.Debug|x86.ActiveCfg = Debug|x86
		{8F01DC8B-B3AD-4933-AA2C-F7C4A8B46C2B}.Debug|x86.Build.0 = Debug|x86
		{8F01DC8B-B3AD-4933-AA2C-F7C4A8B46C2B}.Debug|x86.Deploy.0 = Debug|x86
		{8F01DC8B-B3AD-4933-AA2C-F7C4A8B46C2B}.Release|Any CPU.ActiveCfg = Release|Any CPU
		{8F01DC8B-B3AD-4933-AA2C-F7C4A8B46C2B}.Release|Any CPU.Build.0 = Release|Any CPU
		{8F01DC8B-B3AD-4933-AA2C-F7C4A8B46C2B}.Release|Any CPU.Deploy.0 = Release|Any CPU
		{8F01DC8B-B3AD-4933-AA2C-F7C4A8B46C2B}.Release|ARM.ActiveCfg = Release|ARM
		{8F01DC8B-B3AD-4933-AA2C-F7C4A8B46C2B}.Release|ARM.Build.0 = Release|ARM
		{8F01DC8B-B3AD-4933-AA2C-F7C4A8B46C2B}.Release|ARM.Deploy.0 = Release|ARM
		{8F01DC8B-B3AD-4933-AA2C-F7C4A8B46C2B}.Release|x64.ActiveCfg = Release|x64
		{8F01DC8B-B3AD-4933-AA2C-F7C4A8B46C2B}.Release|x64.Build.0 = Release|x64
		{8F01DC8B-B3AD-4933-AA2C-F7C4A8B46C2B}.Release|x64.Deploy.0 = Release|x64
		{8F01DC8B-B3AD-4933-AA2C-F7C4A8B46C2B}.Release|x86.ActiveCfg = Release|x86
		{8F01DC8B-B3AD-4933-AA2C-F7C4A8B46C2B}.Release|x86.Build.0 = Release|x86
		{8F01DC8B-B3AD-4933-AA2C-F7C4A8B46C2B}.Release|x86.Deploy.0 = Release|x86
	EndGlobalSection
	GlobalSection(SolutionProperties) = preSolution
		HideSolutionNode = FALSE
	EndGlobalSection
EndGlobal
